// !$*UTF8*$!
{
	archiveVersion = 1;
	classes = {
	};
	objectVersion = 46;
	objects = {

/* Begin PBXBuildFile section */
		6C068A911CB743C50019EC8B /* LaunchScreen.storyboard in Resources */ = {isa = PBXBuildFile; fileRef = 6C068A901CB743C50019EC8B /* LaunchScreen.storyboard */; };
		6C5A0AF91CB744F4008F7948 /* Main.storyboard in Resources */ = {isa = PBXBuildFile; fileRef = 6C5A0AF81CB744F4008F7948 /* Main.storyboard */; };
		6C5A0AFB1CB745D1008F7948 /* ImageHeaderView.xib in Resources */ = {isa = PBXBuildFile; fileRef = 6C5A0AFA1CB745D1008F7948 /* ImageHeaderView.xib */; };
		6C5A0AFD1CB74BDC008F7948 /* DataTableViewCell.xib in Resources */ = {isa = PBXBuildFile; fileRef = 6C5A0AFC1CB74BDC008F7948 /* DataTableViewCell.xib */; };
		6C5A0AFF1CB75324008F7948 /* SubContentsViewController.storyboard in Resources */ = {isa = PBXBuildFile; fileRef = 6C5A0AFE1CB75324008F7948 /* SubContentsViewController.storyboard */; };
		6C5A0B031CB7993E008F7948 /* SlideMenuController.m in Sources */ = {isa = PBXBuildFile; fileRef = 6C5A0B021CB7993E008F7948 /* SlideMenuController.m */; };
		6C99A89D1C81EFD400135ADD /* main.m in Sources */ = {isa = PBXBuildFile; fileRef = 6C99A89C1C81EFD400135ADD /* main.m */; };
		6C99A8A01C81EFD400135ADD /* AppDelegate.m in Sources */ = {isa = PBXBuildFile; fileRef = 6C99A89F1C81EFD400135ADD /* AppDelegate.m */; };
		6C99A8A31C81EFD400135ADD /* ViewController.m in Sources */ = {isa = PBXBuildFile; fileRef = 6C99A8A21C81EFD400135ADD /* ViewController.m */; };
		6C99A8A81C81EFD400135ADD /* Assets.xcassets in Resources */ = {isa = PBXBuildFile; fileRef = 6C99A8A71C81EFD400135ADD /* Assets.xcassets */; };
		6C99A8F71C836DB500135ADD /* UIApplication+SlideMenuControllerOC.m in Sources */ = {isa = PBXBuildFile; fileRef = 6C99A8E01C836DB500135ADD /* UIApplication+SlideMenuControllerOC.m */; };
		6C99A8F81C836DB500135ADD /* UITableView+SlideMenuControllerOC.m in Sources */ = {isa = PBXBuildFile; fileRef = 6C99A8E21C836DB500135ADD /* UITableView+SlideMenuControllerOC.m */; };
		6C99A8F91C836DB500135ADD /* ExSlideMenuController.m in Sources */ = {isa = PBXBuildFile; fileRef = 6C99A8E51C836DB500135ADD /* ExSlideMenuController.m */; };
		6C99A8FA1C836DB500135ADD /* GoViewController.m in Sources */ = {isa = PBXBuildFile; fileRef = 6C99A8E71C836DB500135ADD /* GoViewController.m */; };
		6C99A8FB1C836DB500135ADD /* JavaViewController.m in Sources */ = {isa = PBXBuildFile; fileRef = 6C99A8E91C836DB500135ADD /* JavaViewController.m */; };
		6C99A8FC1C836DB500135ADD /* LeftViewController.m in Sources */ = {isa = PBXBuildFile; fileRef = 6C99A8EB1C836DB500135ADD /* LeftViewController.m */; };
		6C99A8FD1C836DB500135ADD /* MainViewController.m in Sources */ = {isa = PBXBuildFile; fileRef = 6C99A8ED1C836DB500135ADD /* MainViewController.m */; };
		6C99A8FE1C836DB500135ADD /* NonMenuController.m in Sources */ = {isa = PBXBuildFile; fileRef = 6C99A8EF1C836DB500135ADD /* NonMenuController.m */; };
		6C99A8FF1C836DB500135ADD /* RightViewController.m in Sources */ = {isa = PBXBuildFile; fileRef = 6C99A8F11C836DB500135ADD /* RightViewController.m */; };
		6C99A9001C836DB500135ADD /* SubContentsViewController.m in Sources */ = {isa = PBXBuildFile; fileRef = 6C99A8F31C836DB500135ADD /* SubContentsViewController.m */; };
		6C99A9021C836DB500135ADD /* SwiftViewController.m in Sources */ = {isa = PBXBuildFile; fileRef = 6C99A8F61C836DB500135ADD /* SwiftViewController.m */; };
		6C99A9081C83700100135ADD /* UIViewController+SlideMenuControllerOC.m in Sources */ = {isa = PBXBuildFile; fileRef = 6C99A9071C83700100135ADD /* UIViewController+SlideMenuControllerOC.m */; };
		6C99A90B1C8370FB00135ADD /* UIImage+SlideMenuController.m in Sources */ = {isa = PBXBuildFile; fileRef = 6C99A90A1C8370FB00135ADD /* UIImage+SlideMenuController.m */; };
		6C99A9311C83796A00135ADD /* UIImageView+SlideMenuControllerOC.m in Sources */ = {isa = PBXBuildFile; fileRef = 6C99A9301C83796A00135ADD /* UIImageView+SlideMenuControllerOC.m */; };
		6CFEDBBD1CA9907B00D01344 /* UIColor+SlideMenuControllerOC.m in Sources */ = {isa = PBXBuildFile; fileRef = 6CFEDBBC1CA9907B00D01344 /* UIColor+SlideMenuControllerOC.m */; };
		6CFEDBC61CA9920700D01344 /* DataTableViewCell.m in Sources */ = {isa = PBXBuildFile; fileRef = 6CFEDBC41CA9920700D01344 /* DataTableViewCell.m */; };
		6CFEDBCA1CA9923200D01344 /* BaseTableViewCell.m in Sources */ = {isa = PBXBuildFile; fileRef = 6CFEDBC91CA9923200D01344 /* BaseTableViewCell.m */; };
		6CFEDBCD1CA99A2E00D01344 /* ImageHeaderView.m in Sources */ = {isa = PBXBuildFile; fileRef = 6CFEDBCC1CA99A2E00D01344 /* ImageHeaderView.m */; };
		6CFEDBD01CA99BE700D01344 /* UIView+SlideMenuController.m in Sources */ = {isa = PBXBuildFile; fileRef = 6CFEDBCF1CA99BE700D01344 /* UIView+SlideMenuController.m */; };
/* End PBXBuildFile section */

/* Begin PBXFileReference section */
		6C068A901CB743C50019EC8B /* LaunchScreen.storyboard */ = {isa = PBXFileReference; fileEncoding = 4; lastKnownFileType = file.storyboard; path = LaunchScreen.storyboard; sourceTree = "<group>"; };
		6C5A0AF81CB744F4008F7948 /* Main.storyboard */ = {isa = PBXFileReference; fileEncoding = 4; lastKnownFileType = file.storyboard; path = Main.storyboard; sourceTree = "<group>"; };
		6C5A0AFA1CB745D1008F7948 /* ImageHeaderView.xib */ = {isa = PBXFileReference; fileEncoding = 4; lastKnownFileType = file.xib; name = ImageHeaderView.xib; path = View/ImageHeaderView.xib; sourceTree = "<group>"; };
		6C5A0AFC1CB74BDC008F7948 /* DataTableViewCell.xib */ = {isa = PBXFileReference; fileEncoding = 4; lastKnownFileType = file.xib; name = DataTableViewCell.xib; path = View/TableViewCell/DataTableViewCell.xib; sourceTree = "<group>"; };
		6C5A0AFE1CB75324008F7948 /* SubContentsViewController.storyboard */ = {isa = PBXFileReference; fileEncoding = 4; lastKnownFileType = file.storyboard; path = SubContentsViewController.storyboard; sourceTree = "<group>"; };
		6C5A0B011CB7993E008F7948 /* SlideMenuController.h */ = {isa = PBXFileReference; fileEncoding = 4; lastKnownFileType = sourcecode.c.h; path = SlideMenuController.h; sourceTree = "<group>"; };
		6C5A0B021CB7993E008F7948 /* SlideMenuController.m */ = {isa = PBXFileReference; fileEncoding = 4; lastKnownFileType = sourcecode.c.objc; path = SlideMenuController.m; sourceTree = "<group>"; };
		6C99A8981C81EFD400135ADD /* SlideMenuControllerOC.app */ = {isa = PBXFileReference; explicitFileType = wrapper.application; includeInIndex = 0; path = SlideMenuControllerOC.app; sourceTree = BUILT_PRODUCTS_DIR; };
		6C99A89C1C81EFD400135ADD /* main.m */ = {isa = PBXFileReference; lastKnownFileType = sourcecode.c.objc; path = main.m; sourceTree = "<group>"; };
		6C99A89E1C81EFD400135ADD /* AppDelegate.h */ = {isa = PBXFileReference; lastKnownFileType = sourcecode.c.h; path = AppDelegate.h; sourceTree = "<group>"; };
		6C99A89F1C81EFD400135ADD /* AppDelegate.m */ = {isa = PBXFileReference; lastKnownFileType = sourcecode.c.objc; path = AppDelegate.m; sourceTree = "<group>"; };
		6C99A8A11C81EFD400135ADD /* ViewController.h */ = {isa = PBXFileReference; lastKnownFileType = sourcecode.c.h; path = ViewController.h; sourceTree = "<group>"; };
		6C99A8A21C81EFD400135ADD /* ViewController.m */ = {isa = PBXFileReference; lastKnownFileType = sourcecode.c.objc; path = ViewController.m; sourceTree = "<group>"; };
		6C99A8A71C81EFD400135ADD /* Assets.xcassets */ = {isa = PBXFileReference; lastKnownFileType = folder.assetcatalog; path = Assets.xcassets; sourceTree = "<group>"; };
		6C99A8AC1C81EFD400135ADD /* Info.plist */ = {isa = PBXFileReference; lastKnownFileType = text.plist.xml; path = Info.plist; sourceTree = "<group>"; };
		6C99A8DF1C836DB500135ADD /* UIApplication+SlideMenuControllerOC.h */ = {isa = PBXFileReference; fileEncoding = 4; lastKnownFileType = sourcecode.c.h; path = "UIApplication+SlideMenuControllerOC.h"; sourceTree = "<group>"; };
		6C99A8E01C836DB500135ADD /* UIApplication+SlideMenuControllerOC.m */ = {isa = PBXFileReference; fileEncoding = 4; lastKnownFileType = sourcecode.c.objc; path = "UIApplication+SlideMenuControllerOC.m"; sourceTree = "<group>"; };
		6C99A8E11C836DB500135ADD /* UITableView+SlideMenuControllerOC.h */ = {isa = PBXFileReference; fileEncoding = 4; lastKnownFileType = sourcecode.c.h; path = "UITableView+SlideMenuControllerOC.h"; sourceTree = "<group>"; };
		6C99A8E21C836DB500135ADD /* UITableView+SlideMenuControllerOC.m */ = {isa = PBXFileReference; fileEncoding = 4; lastKnownFileType = sourcecode.c.objc; path = "UITableView+SlideMenuControllerOC.m"; sourceTree = "<group>"; };
		6C99A8E41C836DB500135ADD /* ExSlideMenuController.h */ = {isa = PBXFileReference; fileEncoding = 4; lastKnownFileType = sourcecode.c.h; path = ExSlideMenuController.h; sourceTree = "<group>"; };
		6C99A8E51C836DB500135ADD /* ExSlideMenuController.m */ = {isa = PBXFileReference; fileEncoding = 4; lastKnownFileType = sourcecode.c.objc; path = ExSlideMenuController.m; sourceTree = "<group>"; };
		6C99A8E61C836DB500135ADD /* GoViewController.h */ = {isa = PBXFileReference; fileEncoding = 4; lastKnownFileType = sourcecode.c.h; path = GoViewController.h; sourceTree = "<group>"; };
		6C99A8E71C836DB500135ADD /* GoViewController.m */ = {isa = PBXFileReference; fileEncoding = 4; lastKnownFileType = sourcecode.c.objc; path = GoViewController.m; sourceTree = "<group>"; };
		6C99A8E81C836DB500135ADD /* JavaViewController.h */ = {isa = PBXFileReference; fileEncoding = 4; lastKnownFileType = sourcecode.c.h; path = JavaViewController.h; sourceTree = "<group>"; };
		6C99A8E91C836DB500135ADD /* JavaViewController.m */ = {isa = PBXFileReference; fileEncoding = 4; lastKnownFileType = sourcecode.c.objc; path = JavaViewController.m; sourceTree = "<group>"; };
		6C99A8EA1C836DB500135ADD /* LeftViewController.h */ = {isa = PBXFileReference; fileEncoding = 4; lastKnownFileType = sourcecode.c.h; path = LeftViewController.h; sourceTree = "<group>"; };
		6C99A8EB1C836DB500135ADD /* LeftViewController.m */ = {isa = PBXFileReference; fileEncoding = 4; lastKnownFileType = sourcecode.c.objc; path = LeftViewController.m; sourceTree = "<group>"; };
		6C99A8EC1C836DB500135ADD /* MainViewController.h */ = {isa = PBXFileReference; fileEncoding = 4; lastKnownFileType = sourcecode.c.h; path = MainViewController.h; sourceTree = "<group>"; };
		6C99A8ED1C836DB500135ADD /* MainViewController.m */ = {isa = PBXFileReference; fileEncoding = 4; lastKnownFileType = sourcecode.c.objc; path = MainViewController.m; sourceTree = "<group>"; };
		6C99A8EE1C836DB500135ADD /* NonMenuController.h */ = {isa = PBXFileReference; fileEncoding = 4; lastKnownFileType = sourcecode.c.h; path = NonMenuController.h; sourceTree = "<group>"; };
		6C99A8EF1C836DB500135ADD /* NonMenuController.m */ = {isa = PBXFileReference; fileEncoding = 4; lastKnownFileType = sourcecode.c.objc; path = NonMenuController.m; sourceTree = "<group>"; };
		6C99A8F01C836DB500135ADD /* RightViewController.h */ = {isa = PBXFileReference; fileEncoding = 4; lastKnownFileType = sourcecode.c.h; path = RightViewController.h; sourceTree = "<group>"; };
		6C99A8F11C836DB500135ADD /* RightViewController.m */ = {isa = PBXFileReference; fileEncoding = 4; lastKnownFileType = sourcecode.c.objc; path = RightViewController.m; sourceTree = "<group>"; };
		6C99A8F21C836DB500135ADD /* SubContentsViewController.h */ = {isa = PBXFileReference; fileEncoding = 4; lastKnownFileType = sourcecode.c.h; path = SubContentsViewController.h; sourceTree = "<group>"; };
		6C99A8F31C836DB500135ADD /* SubContentsViewController.m */ = {isa = PBXFileReference; fileEncoding = 4; lastKnownFileType = sourcecode.c.objc; path = SubContentsViewController.m; sourceTree = "<group>"; };
		6C99A8F51C836DB500135ADD /* SwiftViewController.h */ = {isa = PBXFileReference; fileEncoding = 4; lastKnownFileType = sourcecode.c.h; path = SwiftViewController.h; sourceTree = "<group>"; };
		6C99A8F61C836DB500135ADD /* SwiftViewController.m */ = {isa = PBXFileReference; fileEncoding = 4; lastKnownFileType = sourcecode.c.objc; path = SwiftViewController.m; sourceTree = "<group>"; };
		6C99A9061C83700100135ADD /* UIViewController+SlideMenuControllerOC.h */ = {isa = PBXFileReference; fileEncoding = 4; lastKnownFileType = sourcecode.c.h; path = "UIViewController+SlideMenuControllerOC.h"; sourceTree = "<group>"; };
		6C99A9071C83700100135ADD /* UIViewController+SlideMenuControllerOC.m */ = {isa = PBXFileReference; fileEncoding = 4; lastKnownFileType = sourcecode.c.objc; path = "UIViewController+SlideMenuControllerOC.m"; sourceTree = "<group>"; };
		6C99A9091C8370FB00135ADD /* UIImage+SlideMenuController.h */ = {isa = PBXFileReference; fileEncoding = 4; lastKnownFileType = sourcecode.c.h; path = "UIImage+SlideMenuController.h"; sourceTree = "<group>"; };
		6C99A90A1C8370FB00135ADD /* UIImage+SlideMenuController.m */ = {isa = PBXFileReference; fileEncoding = 4; lastKnownFileType = sourcecode.c.objc; path = "UIImage+SlideMenuController.m"; sourceTree = "<group>"; };
		6C99A92F1C83796A00135ADD /* UIImageView+SlideMenuControllerOC.h */ = {isa = PBXFileReference; fileEncoding = 4; lastKnownFileType = sourcecode.c.h; path = "UIImageView+SlideMenuControllerOC.h"; sourceTree = "<group>"; };
		6C99A9301C83796A00135ADD /* UIImageView+SlideMenuControllerOC.m */ = {isa = PBXFileReference; fileEncoding = 4; lastKnownFileType = sourcecode.c.objc; path = "UIImageView+SlideMenuControllerOC.m"; sourceTree = "<group>"; };
		6CFEDBBB1CA9907B00D01344 /* UIColor+SlideMenuControllerOC.h */ = {isa = PBXFileReference; fileEncoding = 4; lastKnownFileType = sourcecode.c.h; path = "UIColor+SlideMenuControllerOC.h"; sourceTree = "<group>"; };
		6CFEDBBC1CA9907B00D01344 /* UIColor+SlideMenuControllerOC.m */ = {isa = PBXFileReference; fileEncoding = 4; lastKnownFileType = sourcecode.c.objc; path = "UIColor+SlideMenuControllerOC.m"; sourceTree = "<group>"; };
		6CFEDBBE1CA990C800D01344 /* SlideMenuControllerOC_Prefix.pch */ = {isa = PBXFileReference; lastKnownFileType = sourcecode.c.h; path = SlideMenuControllerOC_Prefix.pch; sourceTree = "<group>"; };
		6CFEDBC31CA9920700D01344 /* DataTableViewCell.h */ = {isa = PBXFileReference; fileEncoding = 4; lastKnownFileType = sourcecode.c.h; name = DataTableViewCell.h; path = View/TableViewCell/DataTableViewCell.h; sourceTree = "<group>"; };
		6CFEDBC41CA9920700D01344 /* DataTableViewCell.m */ = {isa = PBXFileReference; fileEncoding = 4; lastKnownFileType = sourcecode.c.objc; name = DataTableViewCell.m; path = View/TableViewCell/DataTableViewCell.m; sourceTree = "<group>"; };
		6CFEDBC81CA9923200D01344 /* BaseTableViewCell.h */ = {isa = PBXFileReference; fileEncoding = 4; lastKnownFileType = sourcecode.c.h; name = BaseTableViewCell.h; path = View/TableViewCell/BaseTableViewCell.h; sourceTree = "<group>"; };
		6CFEDBC91CA9923200D01344 /* BaseTableViewCell.m */ = {isa = PBXFileReference; fileEncoding = 4; lastKnownFileType = sourcecode.c.objc; name = BaseTableViewCell.m; path = View/TableViewCell/BaseTableViewCell.m; sourceTree = "<group>"; };
		6CFEDBCB1CA99A2E00D01344 /* ImageHeaderView.h */ = {isa = PBXFileReference; fileEncoding = 4; lastKnownFileType = sourcecode.c.h; name = ImageHeaderView.h; path = View/ImageHeaderView.h; sourceTree = "<group>"; };
		6CFEDBCC1CA99A2E00D01344 /* ImageHeaderView.m */ = {isa = PBXFileReference; fileEncoding = 4; lastKnownFileType = sourcecode.c.objc; name = ImageHeaderView.m; path = View/ImageHeaderView.m; sourceTree = "<group>"; };
		6CFEDBCE1CA99BE700D01344 /* UIView+SlideMenuController.h */ = {isa = PBXFileReference; fileEncoding = 4; lastKnownFileType = sourcecode.c.h; path = "UIView+SlideMenuController.h"; sourceTree = "<group>"; };
		6CFEDBCF1CA99BE700D01344 /* UIView+SlideMenuController.m */ = {isa = PBXFileReference; fileEncoding = 4; lastKnownFileType = sourcecode.c.objc; path = "UIView+SlideMenuController.m"; sourceTree = "<group>"; };
/* End PBXFileReference section */

/* Begin PBXFrameworksBuildPhase section */
		6C99A8951C81EFD400135ADD /* Frameworks */ = {
			isa = PBXFrameworksBuildPhase;
			buildActionMask = 2147483647;
			files = (
			);
			runOnlyForDeploymentPostprocessing = 0;
		};
/* End PBXFrameworksBuildPhase section */

/* Begin PBXGroup section */
		6C5A0B001CB7993E008F7948 /* Source */ = {
			isa = PBXGroup;
			children = (
				6C5A0B011CB7993E008F7948 /* SlideMenuController.h */,
				6C5A0B021CB7993E008F7948 /* SlideMenuController.m */,
			);
			path = Source;
			sourceTree = "<group>";
		};
		6C99A88F1C81EFD400135ADD = {
			isa = PBXGroup;
			children = (
				6C5A0B001CB7993E008F7948 /* Source */,
				6C99A89A1C81EFD400135ADD /* SlideMenuControllerOC */,
				6C99A8991C81EFD400135ADD /* Products */,
			);
			sourceTree = "<group>";
		};
		6C99A8991C81EFD400135ADD /* Products */ = {
			isa = PBXGroup;
			children = (
				6C99A8981C81EFD400135ADD /* SlideMenuControllerOC.app */,
			);
			name = Products;
			sourceTree = "<group>";
		};
		6C99A89A1C81EFD400135ADD /* SlideMenuControllerOC */ = {
			isa = PBXGroup;
			children = (
				6C5A0AF81CB744F4008F7948 /* Main.storyboard */,
				6C068A901CB743C50019EC8B /* LaunchScreen.storyboard */,
				6CFEDBC11CA991C000D01344 /* View */,
				6C99A8DE1C836DB500135ADD /* Category */,
				6C99A8E31C836DB500135ADD /* ViewController */,
				6C99A89E1C81EFD400135ADD /* AppDelegate.h */,
				6C99A89F1C81EFD400135ADD /* AppDelegate.m */,
				6C99A8A71C81EFD400135ADD /* Assets.xcassets */,
				6C99A8AC1C81EFD400135ADD /* Info.plist */,
				6C99A89B1C81EFD400135ADD /* Supporting Files */,
				6C99A8A11C81EFD400135ADD /* ViewController.h */,
				6C99A8A21C81EFD400135ADD /* ViewController.m */,
			);
			path = SlideMenuControllerOC;
			sourceTree = "<group>";
		};
		6C99A89B1C81EFD400135ADD /* Supporting Files */ = {
			isa = PBXGroup;
			children = (
				6C99A89C1C81EFD400135ADD /* main.m */,
				6CFEDBBE1CA990C800D01344 /* SlideMenuControllerOC_Prefix.pch */,
			);
			name = "Supporting Files";
			sourceTree = "<group>";
		};
		6C99A8DE1C836DB500135ADD /* Category */ = {
			isa = PBXGroup;
			children = (
				6C99A8DF1C836DB500135ADD /* UIApplication+SlideMenuControllerOC.h */,
				6C99A8E01C836DB500135ADD /* UIApplication+SlideMenuControllerOC.m */,
				6C99A8E11C836DB500135ADD /* UITableView+SlideMenuControllerOC.h */,
				6C99A8E21C836DB500135ADD /* UITableView+SlideMenuControllerOC.m */,
				6C99A9061C83700100135ADD /* UIViewController+SlideMenuControllerOC.h */,
				6C99A9071C83700100135ADD /* UIViewController+SlideMenuControllerOC.m */,
				6C99A9091C8370FB00135ADD /* UIImage+SlideMenuController.h */,
				6C99A90A1C8370FB00135ADD /* UIImage+SlideMenuController.m */,
				6C99A92F1C83796A00135ADD /* UIImageView+SlideMenuControllerOC.h */,
				6C99A9301C83796A00135ADD /* UIImageView+SlideMenuControllerOC.m */,
				6CFEDBBB1CA9907B00D01344 /* UIColor+SlideMenuControllerOC.h */,
				6CFEDBBC1CA9907B00D01344 /* UIColor+SlideMenuControllerOC.m */,
				6CFEDBCE1CA99BE700D01344 /* UIView+SlideMenuController.h */,
				6CFEDBCF1CA99BE700D01344 /* UIView+SlideMenuController.m */,
			);
			path = Category;
			sourceTree = "<group>";
		};
		6C99A8E31C836DB500135ADD /* ViewController */ = {
			isa = PBXGroup;
			children = (
				6C99A8E41C836DB500135ADD /* ExSlideMenuController.h */,
				6C99A8E51C836DB500135ADD /* ExSlideMenuController.m */,
				6C99A8E61C836DB500135ADD /* GoViewController.h */,
				6C99A8E71C836DB500135ADD /* GoViewController.m */,
				6C99A8E81C836DB500135ADD /* JavaViewController.h */,
				6C99A8E91C836DB500135ADD /* JavaViewController.m */,
				6C99A8EA1C836DB500135ADD /* LeftViewController.h */,
				6C99A8EB1C836DB500135ADD /* LeftViewController.m */,
				6C99A8EC1C836DB500135ADD /* MainViewController.h */,
				6C99A8ED1C836DB500135ADD /* MainViewController.m */,
				6C99A8EE1C836DB500135ADD /* NonMenuController.h */,
				6C99A8EF1C836DB500135ADD /* NonMenuController.m */,
				6C99A8F01C836DB500135ADD /* RightViewController.h */,
				6C99A8F11C836DB500135ADD /* RightViewController.m */,
				6C99A8F21C836DB500135ADD /* SubContentsViewController.h */,
				6C99A8F31C836DB500135ADD /* SubContentsViewController.m */,
				6C5A0AFE1CB75324008F7948 /* SubContentsViewController.storyboard */,
				6C99A8F51C836DB500135ADD /* SwiftViewController.h */,
				6C99A8F61C836DB500135ADD /* SwiftViewController.m */,
			);
			path = ViewController;
			sourceTree = "<group>";
		};
		6CFEDBC11CA991C000D01344 /* View */ = {
			isa = PBXGroup;
			children = (
				6CFEDBCB1CA99A2E00D01344 /* ImageHeaderView.h */,
				6CFEDBCC1CA99A2E00D01344 /* ImageHeaderView.m */,
				6C5A0AFA1CB745D1008F7948 /* ImageHeaderView.xib */,
				6CFEDBC21CA991C500D01344 /* TableViewCell */,
			);
			name = View;
			sourceTree = "<group>";
		};
		6CFEDBC21CA991C500D01344 /* TableViewCell */ = {
			isa = PBXGroup;
			children = (
				6C5A0AFC1CB74BDC008F7948 /* DataTableViewCell.xib */,
				6CFEDBC31CA9920700D01344 /* DataTableViewCell.h */,
				6CFEDBC41CA9920700D01344 /* DataTableViewCell.m */,
				6CFEDBC81CA9923200D01344 /* BaseTableViewCell.h */,
				6CFEDBC91CA9923200D01344 /* BaseTableViewCell.m */,
			);
			name = TableViewCell;
			sourceTree = "<group>";
		};
/* End PBXGroup section */

/* Begin PBXNativeTarget section */
		6C99A8971C81EFD400135ADD /* SlideMenuControllerOC */ = {
			isa = PBXNativeTarget;
			buildConfigurationList = 6C99A8AF1C81EFD400135ADD /* Build configuration list for PBXNativeTarget "SlideMenuControllerOC" */;
			buildPhases = (
				6C99A8941C81EFD400135ADD /* Sources */,
				6C99A8951C81EFD400135ADD /* Frameworks */,
				6C99A8961C81EFD400135ADD /* Resources */,
			);
			buildRules = (
			);
			dependencies = (
			);
			name = SlideMenuControllerOC;
			productName = SlideMenuControllerOC;
			productReference = 6C99A8981C81EFD400135ADD /* SlideMenuControllerOC.app */;
			productType = "com.apple.product-type.application";
		};
/* End PBXNativeTarget section */

/* Begin PBXProject section */
		6C99A8901C81EFD400135ADD /* Project object */ = {
			isa = PBXProject;
			attributes = {
				LastUpgradeCheck = 0720;
				ORGANIZATIONNAME = "pluto-y";
				TargetAttributes = {
					6C99A8971C81EFD400135ADD = {
						CreatedOnToolsVersion = 7.2.1;
					};
				};
			};
			buildConfigurationList = 6C99A8931C81EFD400135ADD /* Build configuration list for PBXProject "SlideMenuControllerOC" */;
			compatibilityVersion = "Xcode 3.2";
			developmentRegion = English;
			hasScannedForEncodings = 0;
			knownRegions = (
				en,
				Base,
			);
			mainGroup = 6C99A88F1C81EFD400135ADD;
			productRefGroup = 6C99A8991C81EFD400135ADD /* Products */;
			projectDirPath = "";
			projectRoot = "";
			targets = (
				6C99A8971C81EFD400135ADD /* SlideMenuControllerOC */,
			);
		};
/* End PBXProject section */

/* Begin PBXResourcesBuildPhase section */
		6C99A8961C81EFD400135ADD /* Resources */ = {
			isa = PBXResourcesBuildPhase;
			buildActionMask = 2147483647;
			files = (
				6C5A0AF91CB744F4008F7948 /* Main.storyboard in Resources */,
				6C5A0AFD1CB74BDC008F7948 /* DataTableViewCell.xib in Resources */,
				6C5A0AFF1CB75324008F7948 /* SubContentsViewController.storyboard in Resources */,
				6C99A8A81C81EFD400135ADD /* Assets.xcassets in Resources */,
				6C068A911CB743C50019EC8B /* LaunchScreen.storyboard in Resources */,
				6C5A0AFB1CB745D1008F7948 /* ImageHeaderView.xib in Resources */,
			);
			runOnlyForDeploymentPostprocessing = 0;
		};
/* End PBXResourcesBuildPhase section */

/* Begin PBXSourcesBuildPhase section */
		6C99A8941C81EFD400135ADD /* Sources */ = {
			isa = PBXSourcesBuildPhase;
			buildActionMask = 2147483647;
			files = (
				6C99A8FD1C836DB500135ADD /* MainViewController.m in Sources */,
				6C99A8A31C81EFD400135ADD /* ViewController.m in Sources */,
				6C99A9021C836DB500135ADD /* SwiftViewController.m in Sources */,
				6C5A0B031CB7993E008F7948 /* SlideMenuController.m in Sources */,
				6CFEDBC61CA9920700D01344 /* DataTableViewCell.m in Sources */,
				6C99A8FC1C836DB500135ADD /* LeftViewController.m in Sources */,
				6C99A90B1C8370FB00135ADD /* UIImage+SlideMenuController.m in Sources */,
				6C99A8FA1C836DB500135ADD /* GoViewController.m in Sources */,
				6C99A8FF1C836DB500135ADD /* RightViewController.m in Sources */,
				6C99A9081C83700100135ADD /* UIViewController+SlideMenuControllerOC.m in Sources */,
				6C99A8FB1C836DB500135ADD /* JavaViewController.m in Sources */,
				6C99A8FE1C836DB500135ADD /* NonMenuController.m in Sources */,
				6CFEDBCA1CA9923200D01344 /* BaseTableViewCell.m in Sources */,
				6CFEDBCD1CA99A2E00D01344 /* ImageHeaderView.m in Sources */,
				6C99A8F81C836DB500135ADD /* UITableView+SlideMenuControllerOC.m in Sources */,
				6C99A9001C836DB500135ADD /* SubContentsViewController.m in Sources */,
				6C99A8F91C836DB500135ADD /* ExSlideMenuController.m in Sources */,
				6C99A8F71C836DB500135ADD /* UIApplication+SlideMenuControllerOC.m in Sources */,
				6CFEDBBD1CA9907B00D01344 /* UIColor+SlideMenuControllerOC.m in Sources */,
				6CFEDBD01CA99BE700D01344 /* UIView+SlideMenuController.m in Sources */,
				6C99A9311C83796A00135ADD /* UIImageView+SlideMenuControllerOC.m in Sources */,
				6C99A8A01C81EFD400135ADD /* AppDelegate.m in Sources */,
				6C99A89D1C81EFD400135ADD /* main.m in Sources */,
			);
			runOnlyForDeploymentPostprocessing = 0;
		};
/* End PBXSourcesBuildPhase section */

/* Begin XCBuildConfiguration section */
		6C99A8AD1C81EFD400135ADD /* Debug */ = {
			isa = XCBuildConfiguration;
			buildSettings = {
				ALWAYS_SEARCH_USER_PATHS = NO;
				CLANG_CXX_LANGUAGE_STANDARD = "gnu++0x";
				CLANG_CXX_LIBRARY = "libc++";
				CLANG_ENABLE_MODULES = YES;
				CLANG_ENABLE_OBJC_ARC = YES;
				CLANG_WARN_BOOL_CONVERSION = YES;
				CLANG_WARN_CONSTANT_CONVERSION = YES;
				CLANG_WARN_DIRECT_OBJC_ISA_USAGE = YES_ERROR;
				CLANG_WARN_EMPTY_BODY = YES;
				CLANG_WARN_ENUM_CONVERSION = YES;
				CLANG_WARN_INT_CONVERSION = YES;
				CLANG_WARN_OBJC_ROOT_CLASS = YES_ERROR;
				CLANG_WARN_UNREACHABLE_CODE = YES;
				CLANG_WARN__DUPLICATE_METHOD_MATCH = YES;
				"CODE_SIGN_IDENTITY[sdk=iphoneos*]" = "iPhone Developer";
				COPY_PHASE_STRIP = NO;
				DEBUG_INFORMATION_FORMAT = dwarf;
				ENABLE_STRICT_OBJC_MSGSEND = YES;
				ENABLE_TESTABILITY = YES;
				GCC_C_LANGUAGE_STANDARD = gnu99;
				GCC_DYNAMIC_NO_PIC = NO;
				GCC_NO_COMMON_BLOCKS = YES;
				GCC_OPTIMIZATION_LEVEL = 0;
				GCC_PREPROCESSOR_DEFINITIONS = (
					"DEBUG=1",
					"$(inherited)",
				);
				GCC_WARN_64_TO_32_BIT_CONVERSION = YES;
				GCC_WARN_ABOUT_RETURN_TYPE = YES_ERROR;
				GCC_WARN_UNDECLARED_SELECTOR = YES;
				GCC_WARN_UNINITIALIZED_AUTOS = YES_AGGRESSIVE;
				GCC_WARN_UNUSED_FUNCTION = YES;
				GCC_WARN_UNUSED_VARIABLE = YES;
				IPHONEOS_DEPLOYMENT_TARGET = 6.0;
				MTL_ENABLE_DEBUG_INFO = YES;
				ONLY_ACTIVE_ARCH = YES;
				SDKROOT = iphoneos;
			};
			name = Debug;
		};
		6C99A8AE1C81EFD400135ADD /* Release */ = {
			isa = XCBuildConfiguration;
			buildSettings = {
				ALWAYS_SEARCH_USER_PATHS = NO;
				CLANG_CXX_LANGUAGE_STANDARD = "gnu++0x";
				CLANG_CXX_LIBRARY = "libc++";
				CLANG_ENABLE_MODULES = YES;
				CLANG_ENABLE_OBJC_ARC = YES;
				CLANG_WARN_BOOL_CONVERSION = YES;
				CLANG_WARN_CONSTANT_CONVERSION = YES;
				CLANG_WARN_DIRECT_OBJC_ISA_USAGE = YES_ERROR;
				CLANG_WARN_EMPTY_BODY = YES;
				CLANG_WARN_ENUM_CONVERSION = YES;
				CLANG_WARN_INT_CONVERSION = YES;
				CLANG_WARN_OBJC_ROOT_CLASS = YES_ERROR;
				CLANG_WARN_UNREACHABLE_CODE = YES;
				CLANG_WARN__DUPLICATE_METHOD_MATCH = YES;
				"CODE_SIGN_IDENTITY[sdk=iphoneos*]" = "iPhone Developer";
				COPY_PHASE_STRIP = NO;
				DEBUG_INFORMATION_FORMAT = "dwarf-with-dsym";
				ENABLE_NS_ASSERTIONS = NO;
				ENABLE_STRICT_OBJC_MSGSEND = YES;
				GCC_C_LANGUAGE_STANDARD = gnu99;
				GCC_NO_COMMON_BLOCKS = YES;
				GCC_WARN_64_TO_32_BIT_CONVERSION = YES;
				GCC_WARN_ABOUT_RETURN_TYPE = YES_ERROR;
				GCC_WARN_UNDECLARED_SELECTOR = YES;
				GCC_WARN_UNINITIALIZED_AUTOS = YES_AGGRESSIVE;
				GCC_WARN_UNUSED_FUNCTION = YES;
				GCC_WARN_UNUSED_VARIABLE = YES;
				IPHONEOS_DEPLOYMENT_TARGET = 6.0;
				MTL_ENABLE_DEBUG_INFO = NO;
				SDKROOT = iphoneos;
				VALIDATE_PRODUCT = YES;
			};
			name = Release;
		};
		6C99A8B01C81EFD400135ADD /* Debug */ = {
			isa = XCBuildConfiguration;
			buildSettings = {
				ASSETCATALOG_COMPILER_APPICON_NAME = AppIcon;
				GCC_PREFIX_HEADER = SlideMenuControllerOC/SlideMenuControllerOC_Prefix.pch;
				INFOPLIST_FILE = SlideMenuControllerOC/Info.plist;
				IPHONEOS_DEPLOYMENT_TARGET = 6.0;
				LD_RUNPATH_SEARCH_PATHS = "$(inherited) @executable_path/Frameworks";
				PRODUCT_BUNDLE_IDENTIFIER = "com.pluto-y.SlideMenuControllerOC";
				PRODUCT_NAME = "$(TARGET_NAME)";
			};
			name = Debug;
		};
		6C99A8B11C81EFD400135ADD /* Release */ = {
			isa = XCBuildConfiguration;
			buildSettings = {
				ASSETCATALOG_COMPILER_APPICON_NAME = AppIcon;
				GCC_PREFIX_HEADER = SlideMenuControllerOC/SlideMenuControllerOC_Prefix.pch;
				INFOPLIST_FILE = SlideMenuControllerOC/Info.plist;
				IPHONEOS_DEPLOYMENT_TARGET = 6.0;
				LD_RUNPATH_SEARCH_PATHS = "$(inherited) @executable_path/Frameworks";
				PRODUCT_BUNDLE_IDENTIFIER = "com.pluto-y.SlideMenuControllerOC";
				PRODUCT_NAME = "$(TARGET_NAME)";
			};
			name = Release;
		};
/* End XCBuildConfiguration section */

/* Begin XCConfigurationList section */
		6C99A8931C81EFD400135ADD /* Build configuration list for PBXProject "SlideMenuControllerOC" */ = {
			isa = XCConfigurationList;
			buildConfigurations = (
				6C99A8AD1C81EFD400135ADD /* Debug */,
				6C99A8AE1C81EFD400135ADD /* Release */,
			);
			defaultConfigurationIsVisible = 0;
			defaultConfigurationName = Release;
		};
		6C99A8AF1C81EFD400135ADD /* Build configuration list for PBXNativeTarget "SlideMenuControllerOC" */ = {
			isa = XCConfigurationList;
			buildConfigurations = (
				6C99A8B01C81EFD400135ADD /* Debug */,
				6C99A8B11C81EFD400135ADD /* Release */,
			);
			defaultConfigurationIsVisible = 0;
			defaultConfigurationName = Release;
		};
/* End XCConfigurationList section */
	};
	rootObject = 6C99A8901C81EFD400135ADD /* Project object */;
}
